
Microsoft Visual Studio Solution File, Format Version 12.00
# Visual Studio 15
VisualStudioVersion = 15.0.28307.421
MinimumVisualStudioVersion = 10.0.40219.1
Project("{FAE04EC0-301F-11D3-BF4B-00C04F79EFBC}") = "LinQToDataSet", "LinQToDataSet\LinQToDataSet.csproj", "{A20C5B6B-760B-4FEC-948B-2C8DDA7DE0C1}"
EndProject
Global
	GlobalSection(SolutionConfigurationPlatforms) = preSolution
		Debug|Any CPU = Debug|Any CPU
		Release|Any CPU = Release|Any CPU
	EndGlobalSection
	GlobalSection(ProjectConfigurationPlatforms) = postSolution
		{A20C5B6B-760B-4FEC-948B-2C8DDA7DE0C1}.Debug|Any CPU.ActiveCfg = Debug|Any CPU
		{A20C5B6B-760B-4FEC-948B-2C8DDA7DE0C1}.Debug|Any CPU.Build.0 = Debug|Any CPU
		{A20C5B6B-760B-4FEC-948B-2C8DDA7DE0C1}.Release|Any CPU.ActiveCfg = Release|Any CPU
		{A20C5B6B-760B-4FEC-948B-2C8DDA7DE0C1}.Release|Any CPU.Build.0 = Release|Any CPU
	EndGlobalSection
	GlobalSection(SolutionProperties) = preSolution
		HideSolutionNode = FALSE
	EndGlobalSection
	GlobalSection(ExtensibilityGlobals) = postSolution
		SolutionGuid = {EACE3AB7-A95E-4C17-92C5-7DAFB70AF1CC}
	EndGlobalSection
EndGlobal
